
Microsoft Visual Studio Solution File, Format Version 12.00
# Visual Studio Version 16
VisualStudioVersion = 16.0.30503.244
MinimumVisualStudioVersion = 10.0.40219.1
Project("{FAE04EC0-301F-11D3-BF4B-00C04F79EFBC}") = "Practical", "Practical\Practical.csproj", "{D83045ED-A6E5-4BF3-A6B2-44B77924E889}"
EndProject
Global
	GlobalSection(SolutionConfigurationPlatforms) = preSolution
		Debug|Any CPU = Debug|Any CPU
		Release|Any CPU = Release|Any CPU
	EndGlobalSection
	GlobalSection(ProjectConfigurationPlatforms) = postSolution
		{D83045ED-A6E5-4BF3-A6B2-44B77924E889}.Debug|Any CPU.ActiveCfg = Debug|Any CPU
		{D83045ED-A6E5-4BF3-A6B2-44B77924E889}.Debug|Any CPU.Build.0 = Debug|Any CPU
		{D83045ED-A6E5-4BF3-A6B2-44B77924E889}.Release|Any CPU.ActiveCfg = Release|Any CPU
		{D83045ED-A6E5-4BF3-A6B2-44B77924E889}.Release|Any CPU.Build.0 = Release|Any CPU
	EndGlobalSection
	GlobalSection(SolutionProperties) = preSolution
		HideSolutionNode = FALSE
	EndGlobalSection
	GlobalSection(ExtensibilityGlobals) = postSolution
		SolutionGuid = {D60B7ACA-CDBE-4CB6-8373-C75A2A67345B}
	EndGlobalSection
EndGlobal
